{
    "version": 3,
    "terraform_version": "0.11.11",
    "serial": 3,
    "lineage": "32d6a1ff-c9dc-7d7b-2afd-456e2966d75a",
    "modules": [
        {
            "path": [
                "root"
            ],
            "outputs": {},
            "resources": {
                "azurerm_network_interface.nic-vm": {
                    "type": "azurerm_network_interface",
                    "depends_on": [
                        "azurerm_public_ip.publicip",
                        "azurerm_resource_group.rg",
                        "azurerm_subnet.subnet"
                    ],
                    "primary": {
                        "id": "/subscriptions/180b44f4-1d54-4817-87ef-22ca8f374006/resourceGroups/Test-Terraform/providers/Microsoft.Network/networkInterfaces/Terraform-Demo-nic",
                        "attributes": {
                            "applied_dns_servers.#": "0",
                            "dns_servers.#": "0",
                            "enable_accelerated_networking": "false",
                            "enable_ip_forwarding": "false",
                            "id": "/subscriptions/180b44f4-1d54-4817-87ef-22ca8f374006/resourceGroups/Test-Terraform/providers/Microsoft.Network/networkInterfaces/Terraform-Demo-nic",
                            "internal_dns_name_label": "",
                            "internal_fqdn": "",
                            "ip_configuration.#": "1",
                            "ip_configuration.0.application_gateway_backend_address_pools_ids.#": "0",
                            "ip_configuration.0.application_security_group_ids.#": "0",
                            "ip_configuration.0.load_balancer_backend_address_pools_ids.#": "0",
                            "ip_configuration.0.load_balancer_inbound_nat_rules_ids.#": "0",
                            "ip_configuration.0.name": "DSCVM-ipconfig",
                            "ip_configuration.0.primary": "true",
                            "ip_configuration.0.private_ip_address": "",
                            "ip_configuration.0.private_ip_address_allocation": "dynamic",
                            "ip_configuration.0.private_ip_address_version": "IPv4",
                            "ip_configuration.0.public_ip_address_id": "/subscriptions/180b44f4-1d54-4817-87ef-22ca8f374006/resourceGroups/Test-Terraform/providers/Microsoft.Network/publicIPAddresses/Terraform-Demo-IP",
                            "ip_configuration.0.subnet_id": "/subscriptions/180b44f4-1d54-4817-87ef-22ca8f374006/resourceGroups/Test-Terraform/providers/Microsoft.Network/virtualNetworks/Terraform-Demo-VNET/subnets/subnet1",
                            "location": "westeurope",
                            "mac_address": "00-0D-3A-23-26-CD",
                            "name": "Terraform-Demo-nic",
                            "network_security_group_id": "",
                            "private_ip_address": "10.0.1.4",
                            "private_ip_addresses.#": "1",
                            "private_ip_addresses.0": "10.0.1.4",
                            "resource_group_name": "Test-Terraform",
                            "tags.%": "1",
                            "tags.project": "DSCDemo",
                            "virtual_machine_id": "/subscriptions/180b44f4-1d54-4817-87ef-22ca8f374006/resourceGroups/Test-Terraform/providers/Microsoft.Compute/virtualMachines/Terraform-Demo"
                        },
                        "meta": {},
                        "tainted": false
                    },
                    "deposed": [],
                    "provider": "provider.azurerm"
                },
                "azurerm_public_ip.publicip": {
                    "type": "azurerm_public_ip",
                    "depends_on": [
                        "azurerm_resource_group.rg"
                    ],
                    "primary": {
                        "id": "/subscriptions/180b44f4-1d54-4817-87ef-22ca8f374006/resourceGroups/Test-Terraform/providers/Microsoft.Network/publicIPAddresses/Terraform-Demo-IP",
                        "attributes": {
                            "allocation_method": "Static",
                            "id": "/subscriptions/180b44f4-1d54-4817-87ef-22ca8f374006/resourceGroups/Test-Terraform/providers/Microsoft.Network/publicIPAddresses/Terraform-Demo-IP",
                            "idle_timeout_in_minutes": "4",
                            "ip_address": "52.233.138.135",
                            "ip_version": "IPv4",
                            "location": "westeurope",
                            "name": "Terraform-Demo-IP",
                            "public_ip_address_allocation": "Static",
                            "resource_group_name": "Test-Terraform",
                            "sku": "Basic",
                            "tags.%": "1",
                            "tags.project": "DSCDemo",
                            "zones.#": "0"
                        },
                        "meta": {},
                        "tainted": false
                    },
                    "deposed": [],
                    "provider": "provider.azurerm"
                },
                "azurerm_resource_group.rg": {
                    "type": "azurerm_resource_group",
                    "depends_on": [],
                    "primary": {
                        "id": "/subscriptions/180b44f4-1d54-4817-87ef-22ca8f374006/resourceGroups/Test-Terraform",
                        "attributes": {
                            "id": "/subscriptions/180b44f4-1d54-4817-87ef-22ca8f374006/resourceGroups/Test-Terraform",
                            "location": "westeurope",
                            "name": "Test-Terraform",
                            "tags.%": "1",
                            "tags.project": "DSCDemo"
                        },
                        "meta": {},
                        "tainted": false
                    },
                    "deposed": [],
                    "provider": "provider.azurerm"
                },
                "azurerm_subnet.subnet": {
                    "type": "azurerm_subnet",
                    "depends_on": [
                        "azurerm_resource_group.rg",
                        "azurerm_virtual_network.vnet"
                    ],
                    "primary": {
                        "id": "/subscriptions/180b44f4-1d54-4817-87ef-22ca8f374006/resourceGroups/Test-Terraform/providers/Microsoft.Network/virtualNetworks/Terraform-Demo-VNET/subnets/subnet1",
                        "attributes": {
                            "address_prefix": "10.0.1.0/24",
                            "delegation.#": "0",
                            "id": "/subscriptions/180b44f4-1d54-4817-87ef-22ca8f374006/resourceGroups/Test-Terraform/providers/Microsoft.Network/virtualNetworks/Terraform-Demo-VNET/subnets/subnet1",
                            "ip_configurations.#": "1",
                            "ip_configurations.2568135400": "/subscriptions/180b44f4-1d54-4817-87ef-22ca8f374006/resourceGroups/Test-Terraform/providers/Microsoft.Network/networkInterfaces/Terraform-Demo-nic/ipConfigurations/DSCVM-ipconfig",
                            "name": "subnet1",
                            "network_security_group_id": "",
                            "resource_group_name": "Test-Terraform",
                            "route_table_id": "",
                            "service_endpoints.#": "0",
                            "virtual_network_name": "Terraform-Demo-VNET"
                        },
                        "meta": {},
                        "tainted": false
                    },
                    "deposed": [],
                    "provider": "provider.azurerm"
                },
                "azurerm_subnet.subnet2": {
                    "type": "azurerm_subnet",
                    "depends_on": [
                        "azurerm_resource_group.rg",
                        "azurerm_virtual_network.vnet"
                    ],
                    "primary": {
                        "id": "/subscriptions/180b44f4-1d54-4817-87ef-22ca8f374006/resourceGroups/Test-Terraform/providers/Microsoft.Network/virtualNetworks/Terraform-Demo-VNET/subnets/subnet2",
                        "attributes": {
                            "address_prefix": "10.0.2.0/24",
                            "delegation.#": "0",
                            "id": "/subscriptions/180b44f4-1d54-4817-87ef-22ca8f374006/resourceGroups/Test-Terraform/providers/Microsoft.Network/virtualNetworks/Terraform-Demo-VNET/subnets/subnet2",
                            "ip_configurations.#": "0",
                            "name": "subnet2",
                            "network_security_group_id": "",
                            "resource_group_name": "Test-Terraform",
                            "route_table_id": "",
                            "service_endpoints.#": "0",
                            "virtual_network_name": "Terraform-Demo-VNET"
                        },
                        "meta": {},
                        "tainted": false
                    },
                    "deposed": [],
                    "provider": "provider.azurerm"
                },
                "azurerm_virtual_machine.vm": {
                    "type": "azurerm_virtual_machine",
                    "depends_on": [
                        "azurerm_network_interface.nic-vm",
                        "azurerm_resource_group.rg"
                    ],
                    "primary": {
                        "id": "/subscriptions/180b44f4-1d54-4817-87ef-22ca8f374006/resourceGroups/Test-Terraform/providers/Microsoft.Compute/virtualMachines/Terraform-Demo",
                        "attributes": {
                            "delete_data_disks_on_termination": "false",
                            "delete_os_disk_on_termination": "false",
                            "id": "/subscriptions/180b44f4-1d54-4817-87ef-22ca8f374006/resourceGroups/Test-Terraform/providers/Microsoft.Compute/virtualMachines/Terraform-Demo",
                            "identity.#": "0",
                            "location": "westeurope",
                            "name": "Terraform-Demo",
                            "network_interface_ids.#": "1",
                            "network_interface_ids.0": "/subscriptions/180b44f4-1d54-4817-87ef-22ca8f374006/resourceGroups/Test-Terraform/providers/Microsoft.Network/networkInterfaces/Terraform-Demo-nic",
                            "os_profile.#": "1",
                            "os_profile.2156786734.admin_password": "",
                            "os_profile.2156786734.admin_username": "testadmin",
                            "os_profile.2156786734.computer_name": "tfdemo",
                            "os_profile.2156786734.custom_data": "",
                            "os_profile_linux_config.#": "0",
                            "os_profile_secrets.#": "0",
                            "os_profile_windows_config.#": "1",
                            "os_profile_windows_config.80598305.additional_unattend_config.#": "0",
                            "os_profile_windows_config.80598305.enable_automatic_upgrades": "false",
                            "os_profile_windows_config.80598305.provision_vm_agent": "false",
                            "os_profile_windows_config.80598305.timezone": "",
                            "os_profile_windows_config.80598305.winrm.#": "0",
                            "plan.#": "0",
                            "resource_group_name": "Test-Terraform",
                            "storage_data_disk.#": "0",
                            "storage_image_reference.#": "1",
                            "storage_image_reference.3904372903.id": "",
                            "storage_image_reference.3904372903.offer": "WindowsServer",
                            "storage_image_reference.3904372903.publisher": "MicrosoftWindowsServer",
                            "storage_image_reference.3904372903.sku": "2016-Datacenter",
                            "storage_image_reference.3904372903.version": "latest",
                            "storage_os_disk.#": "1",
                            "storage_os_disk.0.caching": "ReadWrite",
                            "storage_os_disk.0.create_option": "FromImage",
                            "storage_os_disk.0.disk_size_gb": "127",
                            "storage_os_disk.0.image_uri": "",
                            "storage_os_disk.0.managed_disk_id": "/subscriptions/180b44f4-1d54-4817-87ef-22ca8f374006/resourceGroups/Test-Terraform/providers/Microsoft.Compute/disks/Terraform-Demo--disk1",
                            "storage_os_disk.0.managed_disk_type": "Standard_LRS",
                            "storage_os_disk.0.name": "Terraform-Demo--disk1",
                            "storage_os_disk.0.os_type": "Windows",
                            "storage_os_disk.0.vhd_uri": "",
                            "storage_os_disk.0.write_accelerator_enabled": "false",
                            "tags.%": "1",
                            "tags.project": "DSCDemo",
                            "vm_size": "Standard_B2ms",
                            "zones.#": "0"
                        },
                        "meta": {},
                        "tainted": false
                    },
                    "deposed": [],
                    "provider": "provider.azurerm"
                },
                "azurerm_virtual_network.vnet": {
                    "type": "azurerm_virtual_network",
                    "depends_on": [
                        "azurerm_resource_group.rg"
                    ],
                    "primary": {
                        "id": "/subscriptions/180b44f4-1d54-4817-87ef-22ca8f374006/resourceGroups/Test-Terraform/providers/Microsoft.Network/virtualNetworks/Terraform-Demo-VNET",
                        "attributes": {
                            "address_space.#": "1",
                            "address_space.0": "10.0.0.0/16",
                            "ddos_protection_plan.#": "0",
                            "dns_servers.#": "0",
                            "id": "/subscriptions/180b44f4-1d54-4817-87ef-22ca8f374006/resourceGroups/Test-Terraform/providers/Microsoft.Network/virtualNetworks/Terraform-Demo-VNET",
                            "location": "westeurope",
                            "name": "Terraform-Demo-VNET",
                            "resource_group_name": "Test-Terraform",
                            "subnet.#": "1",
                            "subnet.1472110187.address_prefix": "10.0.1.0/24",
                            "subnet.1472110187.id": "/subscriptions/180b44f4-1d54-4817-87ef-22ca8f374006/resourceGroups/Test-Terraform/providers/Microsoft.Network/virtualNetworks/Terraform-Demo-VNET/subnets/subnet1",
                            "subnet.1472110187.name": "subnet1",
                            "subnet.1472110187.security_group": "",
                            "tags.%": "1",
                            "tags.project": "DSCDemo"
                        },
                        "meta": {},
                        "tainted": false
                    },
                    "deposed": [],
                    "provider": "provider.azurerm"
                }
            },
            "depends_on": []
        }
    ]
}
