{
    "version": 3,
    "terraform_version": "0.11.11",
    "serial": 3,
    "lineage": "32d6a1ff-c9dc-7d7b-2afd-456e2966d75a",
    "modules": [
        {
            "path": [
                "root"
            ],
            "outputs": {},
            "resources": {
                "azurerm_public_ip.publicip": {
                    "type": "azurerm_public_ip",
                    "depends_on": [
                        "azurerm_resource_group.rg"
                    ],
                    "primary": {
                        "id": "/subscriptions/180b44f4-1d54-4817-87ef-22ca8f374006/resourceGroups/Test-Terraform/providers/Microsoft.Network/publicIPAddresses/Terraform-Demo-IP",
                        "attributes": {
                            "allocation_method": "Static",
                            "id": "/subscriptions/180b44f4-1d54-4817-87ef-22ca8f374006/resourceGroups/Test-Terraform/providers/Microsoft.Network/publicIPAddresses/Terraform-Demo-IP",
                            "idle_timeout_in_minutes": "4",
                            "ip_address": "52.233.138.135",
                            "ip_version": "IPv4",
                            "location": "westeurope",
                            "name": "Terraform-Demo-IP",
                            "public_ip_address_allocation": "Static",
                            "resource_group_name": "Test-Terraform",
                            "sku": "Basic",
                            "tags.%": "1",
                            "tags.project": "DSCDemo",
                            "zones.#": "0"
                        },
                        "meta": {},
                        "tainted": false
                    },
                    "deposed": [],
                    "provider": "provider.azurerm"
                },
                "azurerm_resource_group.rg": {
                    "type": "azurerm_resource_group",
                    "depends_on": [],
                    "primary": {
                        "id": "/subscriptions/180b44f4-1d54-4817-87ef-22ca8f374006/resourceGroups/Test-Terraform",
                        "attributes": {
                            "id": "/subscriptions/180b44f4-1d54-4817-87ef-22ca8f374006/resourceGroups/Test-Terraform",
                            "location": "westeurope",
                            "name": "Test-Terraform",
                            "tags.%": "1",
                            "tags.project": "DSCDemo"
                        },
                        "meta": {},
                        "tainted": false
                    },
                    "deposed": [],
                    "provider": "provider.azurerm"
                },
                "azurerm_subnet.subnet2": {
                    "type": "azurerm_subnet",
                    "depends_on": [
                        "azurerm_resource_group.rg",
                        "azurerm_virtual_network.vnet"
                    ],
                    "primary": {
                        "id": "/subscriptions/180b44f4-1d54-4817-87ef-22ca8f374006/resourceGroups/Test-Terraform/providers/Microsoft.Network/virtualNetworks/Terraform-Demo-VNET/subnets/subnet2",
                        "attributes": {
                            "address_prefix": "10.0.2.0/24",
                            "delegation.#": "0",
                            "id": "/subscriptions/180b44f4-1d54-4817-87ef-22ca8f374006/resourceGroups/Test-Terraform/providers/Microsoft.Network/virtualNetworks/Terraform-Demo-VNET/subnets/subnet2",
                            "ip_configurations.#": "0",
                            "name": "subnet2",
                            "network_security_group_id": "",
                            "resource_group_name": "Test-Terraform",
                            "route_table_id": "",
                            "service_endpoints.#": "0",
                            "virtual_network_name": "Terraform-Demo-VNET"
                        },
                        "meta": {},
                        "tainted": false
                    },
                    "deposed": [],
                    "provider": "provider.azurerm"
                },
                "azurerm_virtual_network.vnet": {
                    "type": "azurerm_virtual_network",
                    "depends_on": [
                        "azurerm_resource_group.rg"
                    ],
                    "primary": {
                        "id": "/subscriptions/180b44f4-1d54-4817-87ef-22ca8f374006/resourceGroups/Test-Terraform/providers/Microsoft.Network/virtualNetworks/Terraform-Demo-VNET",
                        "attributes": {
                            "address_space.#": "1",
                            "address_space.0": "10.0.0.0/16",
                            "ddos_protection_plan.#": "0",
                            "dns_servers.#": "0",
                            "id": "/subscriptions/180b44f4-1d54-4817-87ef-22ca8f374006/resourceGroups/Test-Terraform/providers/Microsoft.Network/virtualNetworks/Terraform-Demo-VNET",
                            "location": "westeurope",
                            "name": "Terraform-Demo-VNET",
                            "resource_group_name": "Test-Terraform",
                            "subnet.#": "2",
                            "subnet.1472110187.address_prefix": "10.0.1.0/24",
                            "subnet.1472110187.id": "/subscriptions/180b44f4-1d54-4817-87ef-22ca8f374006/resourceGroups/Test-Terraform/providers/Microsoft.Network/virtualNetworks/Terraform-Demo-VNET/subnets/subnet1",
                            "subnet.1472110187.name": "subnet1",
                            "subnet.1472110187.security_group": "",
                            "subnet.2796830261.address_prefix": "10.0.2.0/24",
                            "subnet.2796830261.id": "/subscriptions/180b44f4-1d54-4817-87ef-22ca8f374006/resourceGroups/Test-Terraform/providers/Microsoft.Network/virtualNetworks/Terraform-Demo-VNET/subnets/subnet2",
                            "subnet.2796830261.name": "subnet2",
                            "subnet.2796830261.security_group": "",
                            "tags.%": "1",
                            "tags.project": "DSCDemo"
                        },
                        "meta": {},
                        "tainted": false
                    },
                    "deposed": [],
                    "provider": "provider.azurerm"
                }
            },
            "depends_on": []
        }
    ]
}
